
Microsoft Visual Studio Solution File, Format Version 12.00
# Visual Studio Version 16
VisualStudioVersion = 16.0.29403.142
MinimumVisualStudioVersion = 10.0.40219.1
Project("{9A19103F-16F7-4668-BE54-9A1E7A4F7556}") = "ServerApp", "ServerApp.csproj", "{2EE9ACBA-0CBE-42AA-8C79-D830F2F89C61}"
EndProject
Global
	GlobalSection(SolutionConfigurationPlatforms) = preSolution
		Debug|Any CPU = Debug|Any CPU
		Release|Any CPU = Release|Any CPU
	EndGlobalSection
	GlobalSection(ProjectConfigurationPlatforms) = postSolution
		{2EE9ACBA-0CBE-42AA-8C79-D830F2F89C61}.Debug|Any CPU.ActiveCfg = Debug|Any CPU
		{2EE9ACBA-0CBE-42AA-8C79-D830F2F89C61}.Debug|Any CPU.Build.0 = Debug|Any CPU
		{2EE9ACBA-0CBE-42AA-8C79-D830F2F89C61}.Release|Any CPU.ActiveCfg = Release|Any CPU
		{2EE9ACBA-0CBE-42AA-8C79-D830F2F89C61}.Release|Any CPU.Build.0 = Release|Any CPU
	EndGlobalSection
	GlobalSection(SolutionProperties) = preSolution
		HideSolutionNode = FALSE
	EndGlobalSection
	GlobalSection(ExtensibilityGlobals) = postSolution
		SolutionGuid = {2F06B739-1294-4772-A889-2B8EB71C754D}
	EndGlobalSection
EndGlobal
